
Microsoft Visual Studio Solution File, Format Version 12.00
# Visual Studio Version 16
VisualStudioVersion = 16.0.31205.134
MinimumVisualStudioVersion = 10.0.40219.1
Project("{FAE04EC0-301F-11D3-BF4B-00C04F79EFBC}") = "NewsPortal", "NewsPortal\NewsPortal.csproj", "{A72B9C55-9DB6-471F-A988-491712C8D3B7}"
EndProject
Project("{FAE04EC0-301F-11D3-BF4B-00C04F79EFBC}") = "BLL", "BLL\BLL.csproj", "{80A07366-B4E8-4C55-A145-A46F085A53BA}"
EndProject
Project("{FAE04EC0-301F-11D3-BF4B-00C04F79EFBC}") = "DAL", "DAL\DAL.csproj", "{90EEED86-78A5-4123-A403-4B6D15D053E3}"
EndProject
Global
	GlobalSection(SolutionConfigurationPlatforms) = preSolution
		Debug|Any CPU = Debug|Any CPU
		Release|Any CPU = Release|Any CPU
	EndGlobalSection
	GlobalSection(ProjectConfigurationPlatforms) = postSolution
		{A72B9C55-9DB6-471F-A988-491712C8D3B7}.Debug|Any CPU.ActiveCfg = Debug|Any CPU
		{A72B9C55-9DB6-471F-A988-491712C8D3B7}.Debug|Any CPU.Build.0 = Debug|Any CPU
		{A72B9C55-9DB6-471F-A988-491712C8D3B7}.Release|Any CPU.ActiveCfg = Release|Any CPU
		{A72B9C55-9DB6-471F-A988-491712C8D3B7}.Release|Any CPU.Build.0 = Release|Any CPU
		{80A07366-B4E8-4C55-A145-A46F085A53BA}.Debug|Any CPU.ActiveCfg = Debug|Any CPU
		{80A07366-B4E8-4C55-A145-A46F085A53BA}.Debug|Any CPU.Build.0 = Debug|Any CPU
		{80A07366-B4E8-4C55-A145-A46F085A53BA}.Release|Any CPU.ActiveCfg = Release|Any CPU
		{80A07366-B4E8-4C55-A145-A46F085A53BA}.Release|Any CPU.Build.0 = Release|Any CPU
		{90EEED86-78A5-4123-A403-4B6D15D053E3}.Debug|Any CPU.ActiveCfg = Debug|Any CPU
		{90EEED86-78A5-4123-A403-4B6D15D053E3}.Debug|Any CPU.Build.0 = Debug|Any CPU
		{90EEED86-78A5-4123-A403-4B6D15D053E3}.Release|Any CPU.ActiveCfg = Release|Any CPU
		{90EEED86-78A5-4123-A403-4B6D15D053E3}.Release|Any CPU.Build.0 = Release|Any CPU
	EndGlobalSection
	GlobalSection(SolutionProperties) = preSolution
		HideSolutionNode = FALSE
	EndGlobalSection
	GlobalSection(ExtensibilityGlobals) = postSolution
		SolutionGuid = {19D00A25-022F-421C-BFF2-61BBDCC8F1D8}
	EndGlobalSection
EndGlobal
