
Microsoft Visual Studio Solution File, Format Version 12.00
# Visual Studio Version 16
VisualStudioVersion = 16.0.31205.134
MinimumVisualStudioVersion = 10.0.40219.1
Project("{FAE04EC0-301F-11D3-BF4B-00C04F79EFBC}") = "WebApiFinalTask1", "WebApiFinalTask1\WebApiFinalTask1.csproj", "{6F57513A-29CF-43D1-9D05-316BC9E5C616}"
EndProject
Global
	GlobalSection(SolutionConfigurationPlatforms) = preSolution
		Debug|Any CPU = Debug|Any CPU
		Release|Any CPU = Release|Any CPU
	EndGlobalSection
	GlobalSection(ProjectConfigurationPlatforms) = postSolution
		{6F57513A-29CF-43D1-9D05-316BC9E5C616}.Debug|Any CPU.ActiveCfg = Debug|Any CPU
		{6F57513A-29CF-43D1-9D05-316BC9E5C616}.Debug|Any CPU.Build.0 = Debug|Any CPU
		{6F57513A-29CF-43D1-9D05-316BC9E5C616}.Release|Any CPU.ActiveCfg = Release|Any CPU
		{6F57513A-29CF-43D1-9D05-316BC9E5C616}.Release|Any CPU.Build.0 = Release|Any CPU
	EndGlobalSection
	GlobalSection(SolutionProperties) = preSolution
		HideSolutionNode = FALSE
	EndGlobalSection
	GlobalSection(ExtensibilityGlobals) = postSolution
		SolutionGuid = {42E4E82D-4875-4EC4-B1AA-B27EA17862CD}
	EndGlobalSection
EndGlobal
